
Microsoft Visual Studio Solution File, Format Version 12.00
# Visual Studio Version 17
VisualStudioVersion = 17.7.34031.279
MinimumVisualStudioVersion = 10.0.40219.1
Project("{FAE04EC0-301F-11D3-BF4B-00C04F79EFBC}") = "AntiSpam", "AntiSpam\AntiSpam.csproj", "{1EBD751F-22FD-4DF0-83CB-6035D63A8BB5}"
EndProject
Global
	GlobalSection(SolutionConfigurationPlatforms) = preSolution
		Debug|Any CPU = Debug|Any CPU
		Release|Any CPU = Release|Any CPU
	EndGlobalSection
	GlobalSection(ProjectConfigurationPlatforms) = postSolution
		{1EBD751F-22FD-4DF0-83CB-6035D63A8BB5}.Debug|Any CPU.ActiveCfg = Debug|Any CPU
		{1EBD751F-22FD-4DF0-83CB-6035D63A8BB5}.Debug|Any CPU.Build.0 = Debug|Any CPU
		{1EBD751F-22FD-4DF0-83CB-6035D63A8BB5}.Release|Any CPU.ActiveCfg = Release|Any CPU
		{1EBD751F-22FD-4DF0-83CB-6035D63A8BB5}.Release|Any CPU.Build.0 = Release|Any CPU
	EndGlobalSection
	GlobalSection(SolutionProperties) = preSolution
		HideSolutionNode = FALSE
	EndGlobalSection
	GlobalSection(ExtensibilityGlobals) = postSolution
		SolutionGuid = {D96F1F42-7E2C-4D0A-82C0-07D30E481ACE}
	EndGlobalSection
EndGlobal
